
Microsoft Visual Studio Solution File, Format Version 12.00
# Visual Studio Version 17
VisualStudioVersion = 17.5.33530.505
MinimumVisualStudioVersion = 10.0.40219.1
Project("{FAE04EC0-301F-11D3-BF4B-00C04F79EFBC}") = "stackdemo", "stackdemo\stackdemo.csproj", "{450C89B0-4E63-4E4C-97F3-A9B0E879DDB4}"
EndProject
Global
	GlobalSection(SolutionConfigurationPlatforms) = preSolution
		Debug|Any CPU = Debug|Any CPU
		Release|Any CPU = Release|Any CPU
	EndGlobalSection
	GlobalSection(ProjectConfigurationPlatforms) = postSolution
		{450C89B0-4E63-4E4C-97F3-A9B0E879DDB4}.Debug|Any CPU.ActiveCfg = Debug|Any CPU
		{450C89B0-4E63-4E4C-97F3-A9B0E879DDB4}.Debug|Any CPU.Build.0 = Debug|Any CPU
		{450C89B0-4E63-4E4C-97F3-A9B0E879DDB4}.Release|Any CPU.ActiveCfg = Release|Any CPU
		{450C89B0-4E63-4E4C-97F3-A9B0E879DDB4}.Release|Any CPU.Build.0 = Release|Any CPU
	EndGlobalSection
	GlobalSection(SolutionProperties) = preSolution
		HideSolutionNode = FALSE
	EndGlobalSection
	GlobalSection(ExtensibilityGlobals) = postSolution
		SolutionGuid = {F41C43C0-4BA1-49ED-B4B1-FE7A1B483C0B}
	EndGlobalSection
EndGlobal
