
Microsoft Visual Studio Solution File, Format Version 12.00
# Visual Studio Version 17
VisualStudioVersion = 17.5.33530.505
MinimumVisualStudioVersion = 10.0.40219.1
Project("{FAE04EC0-301F-11D3-BF4B-00C04F79EFBC}") = "tempconv", "tempconv\tempconv.csproj", "{BB4E29FF-F44D-4941-AAF9-9DF41A62EFCD}"
EndProject
Global
	GlobalSection(SolutionConfigurationPlatforms) = preSolution
		Debug|Any CPU = Debug|Any CPU
		Release|Any CPU = Release|Any CPU
	EndGlobalSection
	GlobalSection(ProjectConfigurationPlatforms) = postSolution
		{BB4E29FF-F44D-4941-AAF9-9DF41A62EFCD}.Debug|Any CPU.ActiveCfg = Debug|Any CPU
		{BB4E29FF-F44D-4941-AAF9-9DF41A62EFCD}.Debug|Any CPU.Build.0 = Debug|Any CPU
		{BB4E29FF-F44D-4941-AAF9-9DF41A62EFCD}.Release|Any CPU.ActiveCfg = Release|Any CPU
		{BB4E29FF-F44D-4941-AAF9-9DF41A62EFCD}.Release|Any CPU.Build.0 = Release|Any CPU
	EndGlobalSection
	GlobalSection(SolutionProperties) = preSolution
		HideSolutionNode = FALSE
	EndGlobalSection
	GlobalSection(ExtensibilityGlobals) = postSolution
		SolutionGuid = {B04B2491-03DE-4B1D-9B63-4496F3094E38}
	EndGlobalSection
EndGlobal
