
Microsoft Visual Studio Solution File, Format Version 12.00
# Visual Studio Version 17
VisualStudioVersion = 17.5.33530.505
MinimumVisualStudioVersion = 10.0.40219.1
Project("{FAE04EC0-301F-11D3-BF4B-00C04F79EFBC}") = "constructordemo", "constructordemo\constructordemo.csproj", "{F41CDD84-1DF9-45EB-BB77-2CD8C773ECA4}"
EndProject
Global
	GlobalSection(SolutionConfigurationPlatforms) = preSolution
		Debug|Any CPU = Debug|Any CPU
		Release|Any CPU = Release|Any CPU
	EndGlobalSection
	GlobalSection(ProjectConfigurationPlatforms) = postSolution
		{F41CDD84-1DF9-45EB-BB77-2CD8C773ECA4}.Debug|Any CPU.ActiveCfg = Debug|Any CPU
		{F41CDD84-1DF9-45EB-BB77-2CD8C773ECA4}.Debug|Any CPU.Build.0 = Debug|Any CPU
		{F41CDD84-1DF9-45EB-BB77-2CD8C773ECA4}.Release|Any CPU.ActiveCfg = Release|Any CPU
		{F41CDD84-1DF9-45EB-BB77-2CD8C773ECA4}.Release|Any CPU.Build.0 = Release|Any CPU
	EndGlobalSection
	GlobalSection(SolutionProperties) = preSolution
		HideSolutionNode = FALSE
	EndGlobalSection
	GlobalSection(ExtensibilityGlobals) = postSolution
		SolutionGuid = {11731886-5864-41B7-9399-4394AF3BC8CE}
	EndGlobalSection
EndGlobal
