
Microsoft Visual Studio Solution File, Format Version 12.00
# Visual Studio Version 17
VisualStudioVersion = 17.5.33530.505
MinimumVisualStudioVersion = 10.0.40219.1
Project("{FAE04EC0-301F-11D3-BF4B-00C04F79EFBC}") = "linqdemo", "linqdemo\linqdemo.csproj", "{FB71C074-D326-48CE-82D2-C841A161A5E9}"
EndProject
Global
	GlobalSection(SolutionConfigurationPlatforms) = preSolution
		Debug|Any CPU = Debug|Any CPU
		Release|Any CPU = Release|Any CPU
	EndGlobalSection
	GlobalSection(ProjectConfigurationPlatforms) = postSolution
		{FB71C074-D326-48CE-82D2-C841A161A5E9}.Debug|Any CPU.ActiveCfg = Debug|Any CPU
		{FB71C074-D326-48CE-82D2-C841A161A5E9}.Debug|Any CPU.Build.0 = Debug|Any CPU
		{FB71C074-D326-48CE-82D2-C841A161A5E9}.Release|Any CPU.ActiveCfg = Release|Any CPU
		{FB71C074-D326-48CE-82D2-C841A161A5E9}.Release|Any CPU.Build.0 = Release|Any CPU
	EndGlobalSection
	GlobalSection(SolutionProperties) = preSolution
		HideSolutionNode = FALSE
	EndGlobalSection
	GlobalSection(ExtensibilityGlobals) = postSolution
		SolutionGuid = {D3A9B772-4A38-45FF-A74B-B18AEAA5A25C}
	EndGlobalSection
EndGlobal
