
Microsoft Visual Studio Solution File, Format Version 12.00
# Visual Studio Version 17
VisualStudioVersion = 17.5.33530.505
MinimumVisualStudioVersion = 10.0.40219.1
Project("{FAE04EC0-301F-11D3-BF4B-00C04F79EFBC}") = "customerdemo", "customerdemo\customerdemo.csproj", "{F4EABD27-E063-4792-AE6C-817EB969480B}"
EndProject
Global
	GlobalSection(SolutionConfigurationPlatforms) = preSolution
		Debug|Any CPU = Debug|Any CPU
		Release|Any CPU = Release|Any CPU
	EndGlobalSection
	GlobalSection(ProjectConfigurationPlatforms) = postSolution
		{F4EABD27-E063-4792-AE6C-817EB969480B}.Debug|Any CPU.ActiveCfg = Debug|Any CPU
		{F4EABD27-E063-4792-AE6C-817EB969480B}.Debug|Any CPU.Build.0 = Debug|Any CPU
		{F4EABD27-E063-4792-AE6C-817EB969480B}.Release|Any CPU.ActiveCfg = Release|Any CPU
		{F4EABD27-E063-4792-AE6C-817EB969480B}.Release|Any CPU.Build.0 = Release|Any CPU
	EndGlobalSection
	GlobalSection(SolutionProperties) = preSolution
		HideSolutionNode = FALSE
	EndGlobalSection
	GlobalSection(ExtensibilityGlobals) = postSolution
		SolutionGuid = {B7E687B6-3269-402F-800C-446E1A9B8271}
	EndGlobalSection
EndGlobal
