
Microsoft Visual Studio Solution File, Format Version 12.00
# Visual Studio Version 17
VisualStudioVersion = 17.5.33530.505
MinimumVisualStudioVersion = 10.0.40219.1
Project("{FAE04EC0-301F-11D3-BF4B-00C04F79EFBC}") = "interfacedemo", "interfacedemo\interfacedemo.csproj", "{DC198233-DFB5-4C0E-A206-9D9523A696F8}"
EndProject
Global
	GlobalSection(SolutionConfigurationPlatforms) = preSolution
		Debug|Any CPU = Debug|Any CPU
		Release|Any CPU = Release|Any CPU
	EndGlobalSection
	GlobalSection(ProjectConfigurationPlatforms) = postSolution
		{DC198233-DFB5-4C0E-A206-9D9523A696F8}.Debug|Any CPU.ActiveCfg = Debug|Any CPU
		{DC198233-DFB5-4C0E-A206-9D9523A696F8}.Debug|Any CPU.Build.0 = Debug|Any CPU
		{DC198233-DFB5-4C0E-A206-9D9523A696F8}.Release|Any CPU.ActiveCfg = Release|Any CPU
		{DC198233-DFB5-4C0E-A206-9D9523A696F8}.Release|Any CPU.Build.0 = Release|Any CPU
	EndGlobalSection
	GlobalSection(SolutionProperties) = preSolution
		HideSolutionNode = FALSE
	EndGlobalSection
	GlobalSection(ExtensibilityGlobals) = postSolution
		SolutionGuid = {E87FFEC4-831F-4719-A05E-D6690D62F0EA}
	EndGlobalSection
EndGlobal
