
Microsoft Visual Studio Solution File, Format Version 12.00
# Visual Studio Version 17
VisualStudioVersion = 17.5.33530.505
MinimumVisualStudioVersion = 10.0.40219.1
Project("{FAE04EC0-301F-11D3-BF4B-00C04F79EFBC}") = "Decisionmaking", "Decisionmaking\Decisionmaking.csproj", "{FF52870E-DD69-4FD2-ACAD-FF5834A7CE4C}"
EndProject
Global
	GlobalSection(SolutionConfigurationPlatforms) = preSolution
		Debug|Any CPU = Debug|Any CPU
		Release|Any CPU = Release|Any CPU
	EndGlobalSection
	GlobalSection(ProjectConfigurationPlatforms) = postSolution
		{FF52870E-DD69-4FD2-ACAD-FF5834A7CE4C}.Debug|Any CPU.ActiveCfg = Debug|Any CPU
		{FF52870E-DD69-4FD2-ACAD-FF5834A7CE4C}.Debug|Any CPU.Build.0 = Debug|Any CPU
		{FF52870E-DD69-4FD2-ACAD-FF5834A7CE4C}.Release|Any CPU.ActiveCfg = Release|Any CPU
		{FF52870E-DD69-4FD2-ACAD-FF5834A7CE4C}.Release|Any CPU.Build.0 = Release|Any CPU
	EndGlobalSection
	GlobalSection(SolutionProperties) = preSolution
		HideSolutionNode = FALSE
	EndGlobalSection
	GlobalSection(ExtensibilityGlobals) = postSolution
		SolutionGuid = {957889D4-07DF-4FCD-BF97-5486BFCCB2E4}
	EndGlobalSection
EndGlobal
